
Microsoft Visual Studio Solution File, Format Version 11.00
# Visual Studio 2010
Project("{FAE04EC0-301F-11D3-BF4B-00C04F79EFBC}") = "CocBook", "CocBook\CocBook.csproj", "{1FE320E1-B45A-4ABF-BD52-78F809FEDCCD}"
EndProject
Project("{2150E333-8FDC-42A3-9474-1A3956D46DE8}") = "Solution Items", "Solution Items", "{E3764051-92DE-4194-9D2E-7063851BAEF5}"
	ProjectSection(SolutionItems) = preProject
		CocBook.vsmdi = CocBook.vsmdi
		Local.testsettings = Local.testsettings
		TraceAndTestImpact.testsettings = TraceAndTestImpact.testsettings
	EndProjectSection
EndProject
Project("{FAE04EC0-301F-11D3-BF4B-00C04F79EFBC}") = "DataAccessLayer.cs", "DataAccessLayer.cs\DataAccessLayer.cs.csproj", "{F67D7753-5655-49D7-B090-15A2EB935650}"
EndProject
Project("{FAE04EC0-301F-11D3-BF4B-00C04F79EFBC}") = "Test", "Test\Test.csproj", "{38CC6774-1B2A-4FAB-8AFB-7CBE7C05A70A}"
EndProject
Global
	GlobalSection(TestCaseManagementSettings) = postSolution
		CategoryFile = CocBook.vsmdi
	EndGlobalSection
	GlobalSection(SolutionConfigurationPlatforms) = preSolution
		Debug|Any CPU = Debug|Any CPU
		Debug|Mixed Platforms = Debug|Mixed Platforms
		Debug|x86 = Debug|x86
		Release|Any CPU = Release|Any CPU
		Release|Mixed Platforms = Release|Mixed Platforms
		Release|x86 = Release|x86
	EndGlobalSection
	GlobalSection(ProjectConfigurationPlatforms) = postSolution
		{1FE320E1-B45A-4ABF-BD52-78F809FEDCCD}.Debug|Any CPU.ActiveCfg = Debug|x86
		{1FE320E1-B45A-4ABF-BD52-78F809FEDCCD}.Debug|Mixed Platforms.ActiveCfg = Debug|x86
		{1FE320E1-B45A-4ABF-BD52-78F809FEDCCD}.Debug|Mixed Platforms.Build.0 = Debug|x86
		{1FE320E1-B45A-4ABF-BD52-78F809FEDCCD}.Debug|x86.ActiveCfg = Debug|x86
		{1FE320E1-B45A-4ABF-BD52-78F809FEDCCD}.Debug|x86.Build.0 = Debug|x86
		{1FE320E1-B45A-4ABF-BD52-78F809FEDCCD}.Release|Any CPU.ActiveCfg = Release|x86
		{1FE320E1-B45A-4ABF-BD52-78F809FEDCCD}.Release|Mixed Platforms.ActiveCfg = Release|x86
		{1FE320E1-B45A-4ABF-BD52-78F809FEDCCD}.Release|Mixed Platforms.Build.0 = Release|x86
		{1FE320E1-B45A-4ABF-BD52-78F809FEDCCD}.Release|x86.ActiveCfg = Release|x86
		{1FE320E1-B45A-4ABF-BD52-78F809FEDCCD}.Release|x86.Build.0 = Release|x86
		{F67D7753-5655-49D7-B090-15A2EB935650}.Debug|Any CPU.ActiveCfg = Debug|Any CPU
		{F67D7753-5655-49D7-B090-15A2EB935650}.Debug|Any CPU.Build.0 = Debug|Any CPU
		{F67D7753-5655-49D7-B090-15A2EB935650}.Debug|Mixed Platforms.ActiveCfg = Debug|Any CPU
		{F67D7753-5655-49D7-B090-15A2EB935650}.Debug|Mixed Platforms.Build.0 = Debug|Any CPU
		{F67D7753-5655-49D7-B090-15A2EB935650}.Debug|x86.ActiveCfg = Debug|Any CPU
		{F67D7753-5655-49D7-B090-15A2EB935650}.Release|Any CPU.ActiveCfg = Release|Any CPU
		{F67D7753-5655-49D7-B090-15A2EB935650}.Release|Any CPU.Build.0 = Release|Any CPU
		{F67D7753-5655-49D7-B090-15A2EB935650}.Release|Mixed Platforms.ActiveCfg = Release|Any CPU
		{F67D7753-5655-49D7-B090-15A2EB935650}.Release|Mixed Platforms.Build.0 = Release|Any CPU
		{F67D7753-5655-49D7-B090-15A2EB935650}.Release|x86.ActiveCfg = Release|Any CPU
		{38CC6774-1B2A-4FAB-8AFB-7CBE7C05A70A}.Debug|Any CPU.ActiveCfg = Debug|x86
		{38CC6774-1B2A-4FAB-8AFB-7CBE7C05A70A}.Debug|Mixed Platforms.ActiveCfg = Debug|x86
		{38CC6774-1B2A-4FAB-8AFB-7CBE7C05A70A}.Debug|Mixed Platforms.Build.0 = Debug|x86
		{38CC6774-1B2A-4FAB-8AFB-7CBE7C05A70A}.Debug|x86.ActiveCfg = Debug|x86
		{38CC6774-1B2A-4FAB-8AFB-7CBE7C05A70A}.Debug|x86.Build.0 = Debug|x86
		{38CC6774-1B2A-4FAB-8AFB-7CBE7C05A70A}.Release|Any CPU.ActiveCfg = Release|x86
		{38CC6774-1B2A-4FAB-8AFB-7CBE7C05A70A}.Release|Mixed Platforms.ActiveCfg = Release|x86
		{38CC6774-1B2A-4FAB-8AFB-7CBE7C05A70A}.Release|Mixed Platforms.Build.0 = Release|x86
		{38CC6774-1B2A-4FAB-8AFB-7CBE7C05A70A}.Release|x86.ActiveCfg = Release|x86
		{38CC6774-1B2A-4FAB-8AFB-7CBE7C05A70A}.Release|x86.Build.0 = Release|x86
	EndGlobalSection
	GlobalSection(SolutionProperties) = preSolution
		HideSolutionNode = FALSE
	EndGlobalSection
	GlobalSection(NestedProjects) = preSolution
		{F67D7753-5655-49D7-B090-15A2EB935650} = {E3764051-92DE-4194-9D2E-7063851BAEF5}
	EndGlobalSection
EndGlobal
